
Microsoft Visual Studio Solution File, Format Version 12.00
# Visual Studio 2013
Project("{FAE04EC0-301F-11D3-BF4B-00C04F79EFBC}") = "UnityVS.A Star.CSharp", "UnityVS.A Star.CSharp.csproj", "{06866E30-BB10-B9D9-F0FD-BE8A92E60B98}"
EndProject
Global
	GlobalSection(SolutionConfigurationPlatforms) = preSolution
		Debug|Any CPU = Debug|Any CPU
		Release|Any CPU = Release|Any CPU
	EndGlobalSection
	GlobalSection(ProjectConfigurationPlatforms) = postSolution
		{06866E30-BB10-B9D9-F0FD-BE8A92E60B98}.Debug|Any CPU.ActiveCfg = Debug|Any CPU
		{06866E30-BB10-B9D9-F0FD-BE8A92E60B98}.Debug|Any CPU.Build.0 = Debug|Any CPU
		{06866E30-BB10-B9D9-F0FD-BE8A92E60B98}.Release|Any CPU.ActiveCfg = Release|Any CPU
		{06866E30-BB10-B9D9-F0FD-BE8A92E60B98}.Release|Any CPU.Build.0 = Release|Any CPU
	EndGlobalSection
	GlobalSection(SolutionProperties) = preSolution
		HideSolutionNode = FALSE
	EndGlobalSection
EndGlobal
